// !$*UTF8*$!
{
	archiveVersion = 1;
	classes = {
	};
	objectVersion = 46;
	objects = {

/* Begin PBXBuildFile section */
		58C8FFA017FA8B0000C245F5 /* UIKit.framework in Frameworks */ = {isa = PBXBuildFile; fileRef = 58C8FF9F17FA8B0000C245F5 /* UIKit.framework */; };
		58C8FFA217FA8B0000C245F5 /* Foundation.framework in Frameworks */ = {isa = PBXBuildFile; fileRef = 58C8FFA117FA8B0000C245F5 /* Foundation.framework */; };
		58C8FFA417FA8B0000C245F5 /* CoreGraphics.framework in Frameworks */ = {isa = PBXBuildFile; fileRef = 58C8FFA317FA8B0000C245F5 /* CoreGraphics.framework */; };
		58C8FFAA17FA8B0000C245F5 /* InfoPlist.strings in Resources */ = {isa = PBXBuildFile; fileRef = 58C8FFA817FA8B0000C245F5 /* InfoPlist.strings */; };
		58C8FFAC17FA8B0000C245F5 /* main.m in Sources */ = {isa = PBXBuildFile; fileRef = 58C8FFAB17FA8B0000C245F5 /* main.m */; };
		58C8FFB017FA8B0000C245F5 /* xyzAppDelegate.m in Sources */ = {isa = PBXBuildFile; fileRef = 58C8FFAF17FA8B0000C245F5 /* xyzAppDelegate.m */; };
/* End PBXBuildFile section */

/* Begin PBXFileReference section */
		58C8FF9B17FA8B0000C245F5 /* tipcalculator.app */ = {isa = PBXFileReference; explicitFileType = wrapper.application; includeInIndex = 0; path = tipcalculator.app; sourceTree = BUILT_PRODUCTS_DIR; };
		58C8FF9F17FA8B0000C245F5 /* UIKit.framework */ = {isa = PBXFileReference; lastKnownFileType = wrapper.framework; name = UIKit.framework; path = System/Library/Frameworks/UIKit.framework; sourceTree = SDKROOT; };
		58C8FFA117FA8B0000C245F5 /* Foundation.framework */ = {isa = PBXFileReference; lastKnownFileType = wrapper.framework; name = Foundation.framework; path = System/Library/Frameworks/Foundation.framework; sourceTree = SDKROOT; };
		58C8FFA317FA8B0000C245F5 /* CoreGraphics.framework */ = {isa = PBXFileReference; lastKnownFileType = wrapper.framework; name = CoreGraphics.framework; path = System/Library/Frameworks/CoreGraphics.framework; sourceTree = SDKROOT; };
		58C8FFA717FA8B0000C245F5 /* tipcalculator-Info.plist */ = {isa = PBXFileReference; path = "tipcalculator-Info.plist"; sourceTree = "<group>"; };
		58C8FFA917FA8B0000C245F5 /* en */ = {isa = PBXFileReference; lastKnownFileType = text.plist.strings; name = en; path = en.lproj/InfoPlist.strings; sourceTree = "<group>"; };
		58C8FFAB17FA8B0000C245F5 /* main.m */ = {isa = PBXFileReference; lastKnownFileType = sourcecode.c.objc; path = main.m; sourceTree = "<group>"; };
		58C8FFAD17FA8B0000C245F5 /* tipcalculator-Prefix.pch */ = {isa = PBXFileReference; path = "tipcalculator-Prefix.pch"; sourceTree = "<group>"; };
		58C8FFAE17FA8B0000C245F5 /* xyzAppDelegate.h */ = {isa = PBXFileReference; path = xyzAppDelegate.h; sourceTree = "<group>"; };
		58C8FFAF17FA8B0000C245F5 /* xyzAppDelegate.m */ = {isa = PBXFileReference; lastKnownFileType = sourcecode.c.objc; path = xyzAppDelegate.m; sourceTree = "<group>"; };
/* End PBXFileReference section */

/* Begin PBXFrameworksBuildPhase section */
		58C8FF9817FA8B0000C245F5 /* Frameworks */ = {
			isa = PBXFrameworksBuildPhase;
			buildActionMask = 2147483647;
			files = (
				58C8FFA017FA8B0000C245F5 /* UIKit.framework in Frameworks */,
				58C8FFA217FA8B0000C245F5 /* Foundation.framework in Frameworks */,
				58C8FFA417FA8B0000C245F5 /* CoreGraphics.framework in Frameworks */,
			);
			runOnlyForDeploymentPostprocessing = 0;
		};
/* End PBXFrameworksBuildPhase section */

/* Begin PBXGroup section */
		58C8FF9017FA8B0000C245F5 = {
			isa = PBXGroup;
			children = (
				58C8FFA517FA8B0000C245F5 /* tipcalculator */,
				58C8FF9E17FA8B0000C245F5 /* Frameworks */,
				58C8FF9C17FA8B0000C245F5 /* Products */,
			);
			sourceTree = "<group>";
		};
		58C8FF9C17FA8B0000C245F5 /* Products */ = {
			isa = PBXGroup;
			children = (
				58C8FF9B17FA8B0000C245F5 /* tipcalculator.app */,
			);
			name = Products;
			sourceTree = "<group>";
		};
		58C8FF9E17FA8B0000C245F5 /* Frameworks */ = {
			isa = PBXGroup;
			children = (
				58C8FF9F17FA8B0000C245F5 /* UIKit.framework */,
				58C8FFA117FA8B0000C245F5 /* Foundation.framework */,
				58C8FFA317FA8B0000C245F5 /* CoreGraphics.framework */,
			);
			name = Frameworks;
			sourceTree = "<group>";
		};
		58C8FFA517FA8B0000C245F5 /* tipcalculator */ = {
			isa = PBXGroup;
			children = (
				58C8FFAE17FA8B0000C245F5 /* xyzAppDelegate.h */,
				58C8FFAF17FA8B0000C245F5 /* xyzAppDelegate.m */,
				58C8FFA617FA8B0000C245F5 /* Supporting Files */,
			);
			path = tipcalculator;
			sourceTree = "<group>";
		};
		58C8FFA617FA8B0000C245F5 /* Supporting Files */ = {
			isa = PBXGroup;
			children = (
				58C8FFA717FA8B0000C245F5 /* tipcalculator-Info.plist */,
				58C8FFA817FA8B0000C245F5 /* InfoPlist.strings */,
				58C8FFAB17FA8B0000C245F5 /* main.m */,
				58C8FFAD17FA8B0000C245F5 /* tipcalculator-Prefix.pch */,
			);
			name = "Supporting Files";
			sourceTree = "<group>";
		};
/* End PBXGroup section */

/* Begin PBXNativeTarget section */
		58C8FF9A17FA8B0000C245F5 /* tipcalculator */ = {
			isa = PBXNativeTarget;
			buildConfigurationList = 58C8FFB317FA8B0000C245F5 /* Build configuration list for PBXNativeTarget "tipcalculator" */;
			buildPhases = (
				58C8FF9717FA8B0000C245F5 /* Sources */,
				58C8FF9817FA8B0000C245F5 /* Frameworks */,
				58C8FF9917FA8B0000C245F5 /* Resources */,
			);
			buildRules = (
			);
			dependencies = (
			);
			name = tipcalculator;
			productName = tipcalculator;
			productReference = 58C8FF9B17FA8B0000C245F5 /* tipcalculator.app */;
			productType = "com.apple.product-type.application";
		};
/* End PBXNativeTarget section */

/* Begin PBXProject section */
		58C8FF9217FA8B0000C245F5 /* Project object */ = {
			isa = PBXProject;
			attributes = {
				CLASSPREFIX = xyz;
				LastUpgradeCheck = 0430;
			};
			buildConfigurationList = 58C8FF9517FA8B0000C245F5 /* Build configuration list for PBXProject "tipcalculator" */;
			compatibilityVersion = "Xcode 3.2";
			developmentRegion = English;
			hasScannedForEncodings = 0;
			knownRegions = (
				en,
			);
			mainGroup = 58C8FF9017FA8B0000C245F5;
			productRefGroup = 58C8FF9C17FA8B0000C245F5 /* Products */;
			projectDirPath = "";
			projectRoot = "";
			targets = (
				58C8FF9A17FA8B0000C245F5 /* tipcalculator */,
			);
		};
/* End PBXProject section */

/* Begin PBXResourcesBuildPhase section */
		58C8FF9917FA8B0000C245F5 /* Resources */ = {
			isa = PBXResourcesBuildPhase;
			buildActionMask = 2147483647;
			files = (
				58C8FFAA17FA8B0000C245F5 /* InfoPlist.strings in Resources */,
			);
			runOnlyForDeploymentPostprocessing = 0;
		};
/* End PBXResourcesBuildPhase section */

/* Begin PBXSourcesBuildPhase section */
		58C8FF9717FA8B0000C245F5 /* Sources */ = {
			isa = PBXSourcesBuildPhase;
			buildActionMask = 2147483647;
			files = (
				58C8FFAC17FA8B0000C245F5 /* main.m in Sources */,
				58C8FFB017FA8B0000C245F5 /* xyzAppDelegate.m in Sources */,
			);
			runOnlyForDeploymentPostprocessing = 0;
		};
/* End PBXSourcesBuildPhase section */

/* Begin PBXVariantGroup section */
		58C8FFA817FA8B0000C245F5 /* InfoPlist.strings */ = {
			isa = PBXVariantGroup;
			children = (
				58C8FFA917FA8B0000C245F5 /* en */,
			);
			name = InfoPlist.strings;
			sourceTree = "<group>";
		};
/* End PBXVariantGroup section */

/* Begin XCBuildConfiguration section */
		58C8FFB117FA8B0000C245F5 /* Debug */ = {
			isa = XCBuildConfiguration;
			buildSettings = {
				ALWAYS_SEARCH_USER_PATHS = NO;
				ARCHS = "$(ARCHS_STANDARD_32_BIT)";
				"CODE_SIGN_IDENTITY[sdk=iphoneos*]" = "iPhone Developer";
				COPY_PHASE_STRIP = NO;
				GCC_C_LANGUAGE_STANDARD = gnu99;
				GCC_DYNAMIC_NO_PIC = NO;
				GCC_OPTIMIZATION_LEVEL = 0;
				GCC_PREPROCESSOR_DEFINITIONS = (
					"DEBUG=1",
					"$(inherited)",
				);
				GCC_SYMBOLS_PRIVATE_EXTERN = NO;
				GCC_VERSION = com.apple.compilers.llvm.clang.1_0;
				GCC_WARN_ABOUT_RETURN_TYPE = YES;
				GCC_WARN_UNINITIALIZED_AUTOS = YES;
				GCC_WARN_UNUSED_VARIABLE = YES;
				IPHONEOS_DEPLOYMENT_TARGET = 5.1;
				SDKROOT = iphoneos;
				TARGETED_DEVICE_FAMILY = "1,2";
			};
			name = Debug;
		};
		58C8FFB217FA8B0000C245F5 /* Release */ = {
			isa = XCBuildConfiguration;
			buildSettings = {
				ALWAYS_SEARCH_USER_PATHS = NO;
				ARCHS = "$(ARCHS_STANDARD_32_BIT)";
				"CODE_SIGN_IDENTITY[sdk=iphoneos*]" = "iPhone Developer";
				COPY_PHASE_STRIP = YES;
				GCC_C_LANGUAGE_STANDARD = gnu99;
				GCC_VERSION = com.apple.compilers.llvm.clang.1_0;
				GCC_WARN_ABOUT_RETURN_TYPE = YES;
				GCC_WARN_UNINITIALIZED_AUTOS = YES;
				GCC_WARN_UNUSED_VARIABLE = YES;
				IPHONEOS_DEPLOYMENT_TARGET = 5.1;
				OTHER_CFLAGS = "-DNS_BLOCK_ASSERTIONS=1";
				SDKROOT = iphoneos;
				TARGETED_DEVICE_FAMILY = "1,2";
				VALIDATE_PRODUCT = YES;
			};
			name = Release;
		};
		58C8FFB417FA8B0000C245F5 /* Debug */ = {
			isa = XCBuildConfiguration;
			buildSettings = {
				GCC_PRECOMPILE_PREFIX_HEADER = YES;
				GCC_PREFIX_HEADER = "tipcalculator/tipcalculator-Prefix.pch";
				INFOPLIST_FILE = "tipcalculator/tipcalculator-Info.plist";
				PRODUCT_NAME = "$(TARGET_NAME)";
				WRAPPER_EXTENSION = app;
			};
			name = Debug;
		};
		58C8FFB517FA8B0000C245F5 /* Release */ = {
			isa = XCBuildConfiguration;
			buildSettings = {
				GCC_PRECOMPILE_PREFIX_HEADER = YES;
				GCC_PREFIX_HEADER = "tipcalculator/tipcalculator-Prefix.pch";
				INFOPLIST_FILE = "tipcalculator/tipcalculator-Info.plist";
				PRODUCT_NAME = "$(TARGET_NAME)";
				WRAPPER_EXTENSION = app;
			};
			name = Release;
		};
/* End XCBuildConfiguration section */

/* Begin XCConfigurationList section */
		58C8FF9517FA8B0000C245F5 /* Build configuration list for PBXProject "tipcalculator" */ = {
			isa = XCConfigurationList;
			buildConfigurations = (
				58C8FFB117FA8B0000C245F5 /* Debug */,
				58C8FFB217FA8B0000C245F5 /* Release */,
			);
			defaultConfigurationIsVisible = 0;
			defaultConfigurationName = Release;
		};
		58C8FFB317FA8B0000C245F5 /* Build configuration list for PBXNativeTarget "tipcalculator" */ = {
			isa = XCConfigurationList;
			buildConfigurations = (
				58C8FFB417FA8B0000C245F5 /* Debug */,
				58C8FFB517FA8B0000C245F5 /* Release */,
			);
			defaultConfigurationIsVisible = 0;
		};
/* End XCConfigurationList section */
	};
	rootObject = 58C8FF9217FA8B0000C245F5 /* Project object */;
}
